// !$*UTF8*$!
{
	archiveVersion = 1;
	classes = {
	};
	objectVersion = 50;
	objects = {

/* Begin PBXBuildFile section */
		312AC13523869B2D00848573 /* AppDelegate.swift in Sources */ = {isa = PBXBuildFile; fileRef = 312AC13423869B2D00848573 /* AppDelegate.swift */; };
		312AC13723869B2D00848573 /* SceneDelegate.swift in Sources */ = {isa = PBXBuildFile; fileRef = 312AC13623869B2D00848573 /* SceneDelegate.swift */; };
		312AC13923869B2D00848573 /* ContentView.swift in Sources */ = {isa = PBXBuildFile; fileRef = 312AC13823869B2D00848573 /* ContentView.swift */; };
		312AC13B23869B2F00848573 /* Assets.xcassets in Resources */ = {isa = PBXBuildFile; fileRef = 312AC13A23869B2F00848573 /* Assets.xcassets */; };
		312AC13E23869B2F00848573 /* Preview Assets.xcassets in Resources */ = {isa = PBXBuildFile; fileRef = 312AC13D23869B2F00848573 /* Preview Assets.xcassets */; };
		312AC14123869B2F00848573 /* LaunchScreen.storyboard in Resources */ = {isa = PBXBuildFile; fileRef = 312AC13F23869B2F00848573 /* LaunchScreen.storyboard */; };
/* End PBXBuildFile section */

/* Begin PBXFileReference section */
		312AC13123869B2D00848573 /* DynamicButtonTapTest.app */ = {isa = PBXFileReference; explicitFileType = wrapper.application; includeInIndex = 0; path = DynamicButtonTapTest.app; sourceTree = BUILT_PRODUCTS_DIR; };
		312AC13423869B2D00848573 /* AppDelegate.swift */ = {isa = PBXFileReference; lastKnownFileType = sourcecode.swift; path = AppDelegate.swift; sourceTree = "<group>"; };
		312AC13623869B2D00848573 /* SceneDelegate.swift */ = {isa = PBXFileReference; lastKnownFileType = sourcecode.swift; path = SceneDelegate.swift; sourceTree = "<group>"; };
		312AC13823869B2D00848573 /* ContentView.swift */ = {isa = PBXFileReference; lastKnownFileType = sourcecode.swift; path = ContentView.swift; sourceTree = "<group>"; };
		312AC13A23869B2F00848573 /* Assets.xcassets */ = {isa = PBXFileReference; lastKnownFileType = folder.assetcatalog; path = Assets.xcassets; sourceTree = "<group>"; };
		312AC13D23869B2F00848573 /* Preview Assets.xcassets */ = {isa = PBXFileReference; lastKnownFileType = folder.assetcatalog; path = "Preview Assets.xcassets"; sourceTree = "<group>"; };
		312AC14023869B2F00848573 /* Base */ = {isa = PBXFileReference; lastKnownFileType = file.storyboard; name = Base; path = Base.lproj/LaunchScreen.storyboard; sourceTree = "<group>"; };
		312AC14223869B2F00848573 /* Info.plist */ = {isa = PBXFileReference; lastKnownFileType = text.plist.xml; path = Info.plist; sourceTree = "<group>"; };
/* End PBXFileReference section */

/* Begin PBXFrameworksBuildPhase section */
		312AC12E23869B2D00848573 /* Frameworks */ = {
			isa = PBXFrameworksBuildPhase;
			buildActionMask = 2147483647;
			files = (
			);
			runOnlyForDeploymentPostprocessing = 0;
		};
/* End PBXFrameworksBuildPhase section */

/* Begin PBXGroup section */
		312AC12823869B2D00848573 = {
			isa = PBXGroup;
			children = (
				312AC13323869B2D00848573 /* DynamicButtonTapTest */,
				312AC13223869B2D00848573 /* Products */,
			);
			sourceTree = "<group>";
		};
		312AC13223869B2D00848573 /* Products */ = {
			isa = PBXGroup;
			children = (
				312AC13123869B2D00848573 /* DynamicButtonTapTest.app */,
			);
			name = Products;
			sourceTree = "<group>";
		};
		312AC13323869B2D00848573 /* DynamicButtonTapTest */ = {
			isa = PBXGroup;
			children = (
				312AC13423869B2D00848573 /* AppDelegate.swift */,
				312AC13623869B2D00848573 /* SceneDelegate.swift */,
				312AC13823869B2D00848573 /* ContentView.swift */,
				312AC13A23869B2F00848573 /* Assets.xcassets */,
				312AC13F23869B2F00848573 /* LaunchScreen.storyboard */,
				312AC14223869B2F00848573 /* Info.plist */,
				312AC13C23869B2F00848573 /* Preview Content */,
			);
			path = DynamicButtonTapTest;
			sourceTree = "<group>";
		};
		312AC13C23869B2F00848573 /* Preview Content */ = {
			isa = PBXGroup;
			children = (
				312AC13D23869B2F00848573 /* Preview Assets.xcassets */,
			);
			path = "Preview Content";
			sourceTree = "<group>";
		};
/* End PBXGroup section */

/* Begin PBXNativeTarget section */
		312AC13023869B2D00848573 /* DynamicButtonTapTest */ = {
			isa = PBXNativeTarget;
			buildConfigurationList = 312AC14523869B2F00848573 /* Build configuration list for PBXNativeTarget "DynamicButtonTapTest" */;
			buildPhases = (
				312AC12D23869B2D00848573 /* Sources */,
				312AC12E23869B2D00848573 /* Frameworks */,
				312AC12F23869B2D00848573 /* Resources */,
			);
			buildRules = (
			);
			dependencies = (
			);
			name = DynamicButtonTapTest;
			productName = DynamicButtonTapTest;
			productReference = 312AC13123869B2D00848573 /* DynamicButtonTapTest.app */;
			productType = "com.apple.product-type.application";
		};
/* End PBXNativeTarget section */

/* Begin PBXProject section */
		312AC12923869B2D00848573 /* Project object */ = {
			isa = PBXProject;
			attributes = {
				LastSwiftUpdateCheck = 1120;
				LastUpgradeCheck = 1120;
				ORGANIZATIONNAME = Ryuton;
				TargetAttributes = {
					312AC13023869B2D00848573 = {
						CreatedOnToolsVersion = 11.2;
					};
				};
			};
			buildConfigurationList = 312AC12C23869B2D00848573 /* Build configuration list for PBXProject "DynamicButtonTapTest" */;
			compatibilityVersion = "Xcode 9.3";
			developmentRegion = en;
			hasScannedForEncodings = 0;
			knownRegions = (
				en,
				Base,
			);
			mainGroup = 312AC12823869B2D00848573;
			productRefGroup = 312AC13223869B2D00848573 /* Products */;
			projectDirPath = "";
			projectRoot = "";
			targets = (
				312AC13023869B2D00848573 /* DynamicButtonTapTest */,
			);
		};
/* End PBXProject section */

/* Begin PBXResourcesBuildPhase section */
		312AC12F23869B2D00848573 /* Resources */ = {
			isa = PBXResourcesBuildPhase;
			buildActionMask = 2147483647;
			files = (
				312AC14123869B2F00848573 /* LaunchScreen.storyboard in Resources */,
				312AC13E23869B2F00848573 /* Preview Assets.xcassets in Resources */,
				312AC13B23869B2F00848573 /* Assets.xcassets in Resources */,
			);
			runOnlyForDeploymentPostprocessing = 0;
		};
/* End PBXResourcesBuildPhase section */

/* Begin PBXSourcesBuildPhase section */
		312AC12D23869B2D00848573 /* Sources */ = {
			isa = PBXSourcesBuildPhase;
			buildActionMask = 2147483647;
			files = (
				312AC13523869B2D00848573 /* AppDelegate.swift in Sources */,
				312AC13723869B2D00848573 /* SceneDelegate.swift in Sources */,
				312AC13923869B2D00848573 /* ContentView.swift in Sources */,
			);
			runOnlyForDeploymentPostprocessing = 0;
		};
/* End PBXSourcesBuildPhase section */

/* Begin PBXVariantGroup section */
		312AC13F23869B2F00848573 /* LaunchScreen.storyboard */ = {
			isa = PBXVariantGroup;
			children = (
				312AC14023869B2F00848573 /* Base */,
			);
			name = LaunchScreen.storyboard;
			sourceTree = "<group>";
		};
/* End PBXVariantGroup section */

/* Begin XCBuildConfiguration section */
		312AC14323869B2F00848573 /* Debug */ = {
			isa = XCBuildConfiguration;
			buildSettings = {
				ALWAYS_SEARCH_USER_PATHS = NO;
				CLANG_ANALYZER_NONNULL = YES;
				CLANG_ANALYZER_NUMBER_OBJECT_CONVERSION = YES_AGGRESSIVE;
				CLANG_CXX_LANGUAGE_STANDARD = "gnu++14";
				CLANG_CXX_LIBRARY = "libc++";
				CLANG_ENABLE_MODULES = YES;
				CLANG_ENABLE_OBJC_ARC = YES;
				CLANG_ENABLE_OBJC_WEAK = YES;
				CLANG_WARN_BLOCK_CAPTURE_AUTORELEASING = YES;
				CLANG_WARN_BOOL_CONVERSION = YES;
				CLANG_WARN_COMMA = YES;
				CLANG_WARN_CONSTANT_CONVERSION = YES;
				CLANG_WARN_DEPRECATED_OBJC_IMPLEMENTATIONS = YES;
				CLANG_WARN_DIRECT_OBJC_ISA_USAGE = YES_ERROR;
				CLANG_WARN_DOCUMENTATION_COMMENTS = YES;
				CLANG_WARN_EMPTY_BODY = YES;
				CLANG_WARN_ENUM_CONVERSION = YES;
				CLANG_WARN_INFINITE_RECURSION = YES;
				CLANG_WARN_INT_CONVERSION = YES;
				CLANG_WARN_NON_LITERAL_NULL_CONVERSION = YES;
				CLANG_WARN_OBJC_IMPLICIT_RETAIN_SELF = YES;
				CLANG_WARN_OBJC_LITERAL_CONVERSION = YES;
				CLANG_WARN_OBJC_ROOT_CLASS = YES_ERROR;
				CLANG_WARN_RANGE_LOOP_ANALYSIS = YES;
				CLANG_WARN_STRICT_PROTOTYPES = YES;
				CLANG_WARN_SUSPICIOUS_MOVE = YES;
				CLANG_WARN_UNGUARDED_AVAILABILITY = YES_AGGRESSIVE;
				CLANG_WARN_UNREACHABLE_CODE = YES;
				CLANG_WARN__DUPLICATE_METHOD_MATCH = YES;
				COPY_PHASE_STRIP = NO;
				DEBUG_INFORMATION_FORMAT = dwarf;
				ENABLE_STRICT_OBJC_MSGSEND = YES;
				ENABLE_TESTABILITY = YES;
				GCC_C_LANGUAGE_STANDARD = gnu11;
				GCC_DYNAMIC_NO_PIC = NO;
				GCC_NO_COMMON_BLOCKS = YES;
				GCC_OPTIMIZATION_LEVEL = 0;
				GCC_PREPROCESSOR_DEFINITIONS = (
					"DEBUG=1",
					"$(inherited)",
				);
				GCC_WARN_64_TO_32_BIT_CONVERSION = YES;
				GCC_WARN_ABOUT_RETURN_TYPE = YES_ERROR;
				GCC_WARN_UNDECLARED_SELECTOR = YES;
				GCC_WARN_UNINITIALIZED_AUTOS = YES_AGGRESSIVE;
				GCC_WARN_UNUSED_FUNCTION = YES;
				GCC_WARN_UNUSED_VARIABLE = YES;
				IPHONEOS_DEPLOYMENT_TARGET = 13.2;
				MTL_ENABLE_DEBUG_INFO = INCLUDE_SOURCE;
				MTL_FAST_MATH = YES;
				ONLY_ACTIVE_ARCH = YES;
				SDKROOT = iphoneos;
				SWIFT_ACTIVE_COMPILATION_CONDITIONS = DEBUG;
				SWIFT_OPTIMIZATION_LEVEL = "-Onone";
			};
			name = Debug;
		};
		312AC14423869B2F00848573 /* Release */ = {
			isa = XCBuildConfiguration;
			buildSettings = {
				ALWAYS_SEARCH_USER_PATHS = NO;
				CLANG_ANALYZER_NONNULL = YES;
				CLANG_ANALYZER_NUMBER_OBJECT_CONVERSION = YES_AGGRESSIVE;
				CLANG_CXX_LANGUAGE_STANDARD = "gnu++14";
				CLANG_CXX_LIBRARY = "libc++";
				CLANG_ENABLE_MODULES = YES;
				CLANG_ENABLE_OBJC_ARC = YES;
				CLANG_ENABLE_OBJC_WEAK = YES;
				CLANG_WARN_BLOCK_CAPTURE_AUTORELEASING = YES;
				CLANG_WARN_BOOL_CONVERSION = YES;
				CLANG_WARN_COMMA = YES;
				CLANG_WARN_CONSTANT_CONVERSION = YES;
				CLANG_WARN_DEPRECATED_OBJC_IMPLEMENTATIONS = YES;
				CLANG_WARN_DIRECT_OBJC_ISA_USAGE = YES_ERROR;
				CLANG_WARN_DOCUMENTATION_COMMENTS = YES;
				CLANG_WARN_EMPTY_BODY = YES;
				CLANG_WARN_ENUM_CONVERSION = YES;
				CLANG_WARN_INFINITE_RECURSION = YES;
				CLANG_WARN_INT_CONVERSION = YES;
				CLANG_WARN_NON_LITERAL_NULL_CONVERSION = YES;
				CLANG_WARN_OBJC_IMPLICIT_RETAIN_SELF = YES;
				CLANG_WARN_OBJC_LITERAL_CONVERSION = YES;
				CLANG_WARN_OBJC_ROOT_CLASS = YES_ERROR;
				CLANG_WARN_RANGE_LOOP_ANALYSIS = YES;
				CLANG_WARN_STRICT_PROTOTYPES = YES;
				CLANG_WARN_SUSPICIOUS_MOVE = YES;
				CLANG_WARN_UNGUARDED_AVAILABILITY = YES_AGGRESSIVE;
				CLANG_WARN_UNREACHABLE_CODE = YES;
				CLANG_WARN__DUPLICATE_METHOD_MATCH = YES;
				COPY_PHASE_STRIP = NO;
				DEBUG_INFORMATION_FORMAT = "dwarf-with-dsym";
				ENABLE_NS_ASSERTIONS = NO;
				ENABLE_STRICT_OBJC_MSGSEND = YES;
				GCC_C_LANGUAGE_STANDARD = gnu11;
				GCC_NO_COMMON_BLOCKS = YES;
				GCC_WARN_64_TO_32_BIT_CONVERSION = YES;
				GCC_WARN_ABOUT_RETURN_TYPE = YES_ERROR;
				GCC_WARN_UNDECLARED_SELECTOR = YES;
				GCC_WARN_UNINITIALIZED_AUTOS = YES_AGGRESSIVE;
				GCC_WARN_UNUSED_FUNCTION = YES;
				GCC_WARN_UNUSED_VARIABLE = YES;
				IPHONEOS_DEPLOYMENT_TARGET = 13.2;
				MTL_ENABLE_DEBUG_INFO = NO;
				MTL_FAST_MATH = YES;
				SDKROOT = iphoneos;
				SWIFT_COMPILATION_MODE = wholemodule;
				SWIFT_OPTIMIZATION_LEVEL = "-O";
				VALIDATE_PRODUCT = YES;
			};
			name = Release;
		};
		312AC14623869B2F00848573 /* Debug */ = {
			isa = XCBuildConfiguration;
			buildSettings = {
				ASSETCATALOG_COMPILER_APPICON_NAME = AppIcon;
				CODE_SIGN_STYLE = Automatic;
				DEVELOPMENT_ASSET_PATHS = "\"DynamicButtonTapTest/Preview Content\"";
				DEVELOPMENT_TEAM = 585768327D;
				ENABLE_PREVIEWS = YES;
				INFOPLIST_FILE = DynamicButtonTapTest/Info.plist;
				LD_RUNPATH_SEARCH_PATHS = (
					"$(inherited)",
					"@executable_path/Frameworks",
				);
				PRODUCT_BUNDLE_IDENTIFIER = Ryuton.DynamicButtonTapTest;
				PRODUCT_NAME = "$(TARGET_NAME)";
				SWIFT_VERSION = 5.0;
				TARGETED_DEVICE_FAMILY = "1,2";
			};
			name = Debug;
		};
		312AC14723869B2F00848573 /* Release */ = {
			isa = XCBuildConfiguration;
			buildSettings = {
				ASSETCATALOG_COMPILER_APPICON_NAME = AppIcon;
				CODE_SIGN_STYLE = Automatic;
				DEVELOPMENT_ASSET_PATHS = "\"DynamicButtonTapTest/Preview Content\"";
				DEVELOPMENT_TEAM = 585768327D;
				ENABLE_PREVIEWS = YES;
				INFOPLIST_FILE = DynamicButtonTapTest/Info.plist;
				LD_RUNPATH_SEARCH_PATHS = (
					"$(inherited)",
					"@executable_path/Frameworks",
				);
				PRODUCT_BUNDLE_IDENTIFIER = Ryuton.DynamicButtonTapTest;
				PRODUCT_NAME = "$(TARGET_NAME)";
				SWIFT_VERSION = 5.0;
				TARGETED_DEVICE_FAMILY = "1,2";
			};
			name = Release;
		};
/* End XCBuildConfiguration section */

/* Begin XCConfigurationList section */
		312AC12C23869B2D00848573 /* Build configuration list for PBXProject "DynamicButtonTapTest" */ = {
			isa = XCConfigurationList;
			buildConfigurations = (
				312AC14323869B2F00848573 /* Debug */,
				312AC14423869B2F00848573 /* Release */,
			);
			defaultConfigurationIsVisible = 0;
			defaultConfigurationName = Release;
		};
		312AC14523869B2F00848573 /* Build configuration list for PBXNativeTarget "DynamicButtonTapTest" */ = {
			isa = XCConfigurationList;
			buildConfigurations = (
				312AC14623869B2F00848573 /* Debug */,
				312AC14723869B2F00848573 /* Release */,
			);
			defaultConfigurationIsVisible = 0;
			defaultConfigurationName = Release;
		};
/* End XCConfigurationList section */
	};
	rootObject = 312AC12923869B2D00848573 /* Project object */;
}
